// !$*UTF8*$!
{
	archiveVersion = 1;
	classes = {
	};
	objectVersion = 56;
	objects = {

/* Begin PBXBuildFile section */
		66893CEC2BFBAA3E00F8D184 /* CalculatorAppApp.swift in Sources */ = {isa = PBXBuildFile; fileRef = 66893CEB2BFBAA3E00F8D184 /* CalculatorAppApp.swift */; };
		66893CEE2BFBAA3E00F8D184 /* ContentView.swift in Sources */ = {isa = PBXBuildFile; fileRef = 66893CED2BFBAA3E00F8D184 /* ContentView.swift */; };
		66893CF02BFBAA3F00F8D184 /* Assets.xcassets in Resources */ = {isa = PBXBuildFile; fileRef = 66893CEF2BFBAA3F00F8D184 /* Assets.xcassets */; };
		66893CF32BFBAA3F00F8D184 /* Preview Assets.xcassets in Resources */ = {isa = PBXBuildFile; fileRef = 66893CF22BFBAA3F00F8D184 /* Preview Assets.xcassets */; };
		66893CFD2BFBAA3F00F8D184 /* CalculatorAppTests.swift in Sources */ = {isa = PBXBuildFile; fileRef = 66893CFC2BFBAA3F00F8D184 /* CalculatorAppTests.swift */; };
		66893D072BFBAA3F00F8D184 /* CalculatorAppUITests.swift in Sources */ = {isa = PBXBuildFile; fileRef = 66893D062BFBAA3F00F8D184 /* CalculatorAppUITests.swift */; };
		66893D092BFBAA3F00F8D184 /* CalculatorAppUITestsLaunchTests.swift in Sources */ = {isa = PBXBuildFile; fileRef = 66893D082BFBAA3F00F8D184 /* CalculatorAppUITestsLaunchTests.swift */; };
		66893D1A2BFCE93100F8D184 /* CalculatorPage.swift in Sources */ = {isa = PBXBuildFile; fileRef = 66893D192BFCE93100F8D184 /* CalculatorPage.swift */; };
		66893D1E2BFCF46800F8D184 /* CounterPage.swift in Sources */ = {isa = PBXBuildFile; fileRef = 66893D1D2BFCF46800F8D184 /* CounterPage.swift */; };
/* End PBXBuildFile section */

/* Begin PBXContainerItemProxy section */
		66893CF92BFBAA3F00F8D184 /* PBXContainerItemProxy */ = {
			isa = PBXContainerItemProxy;
			containerPortal = 66893CE02BFBAA3E00F8D184 /* Project object */;
			proxyType = 1;
			remoteGlobalIDString = 66893CE72BFBAA3E00F8D184;
			remoteInfo = CalculatorApp;
		};
		66893D032BFBAA3F00F8D184 /* PBXContainerItemProxy */ = {
			isa = PBXContainerItemProxy;
			containerPortal = 66893CE02BFBAA3E00F8D184 /* Project object */;
			proxyType = 1;
			remoteGlobalIDString = 66893CE72BFBAA3E00F8D184;
			remoteInfo = CalculatorApp;
		};
/* End PBXContainerItemProxy section */

/* Begin PBXFileReference section */
		66893CE82BFBAA3E00F8D184 /* CalculatorApp.app */ = {isa = PBXFileReference; explicitFileType = wrapper.application; includeInIndex = 0; path = CalculatorApp.app; sourceTree = BUILT_PRODUCTS_DIR; };
		66893CEB2BFBAA3E00F8D184 /* CalculatorAppApp.swift */ = {isa = PBXFileReference; lastKnownFileType = sourcecode.swift; path = CalculatorAppApp.swift; sourceTree = "<group>"; };
		66893CED2BFBAA3E00F8D184 /* ContentView.swift */ = {isa = PBXFileReference; lastKnownFileType = sourcecode.swift; path = ContentView.swift; sourceTree = "<group>"; };
		66893CEF2BFBAA3F00F8D184 /* Assets.xcassets */ = {isa = PBXFileReference; lastKnownFileType = folder.assetcatalog; path = Assets.xcassets; sourceTree = "<group>"; };
		66893CF22BFBAA3F00F8D184 /* Preview Assets.xcassets */ = {isa = PBXFileReference; lastKnownFileType = folder.assetcatalog; path = "Preview Assets.xcassets"; sourceTree = "<group>"; };
		66893CF82BFBAA3F00F8D184 /* CalculatorAppTests.xctest */ = {isa = PBXFileReference; explicitFileType = wrapper.cfbundle; includeInIndex = 0; path = CalculatorAppTests.xctest; sourceTree = BUILT_PRODUCTS_DIR; };
		66893CFC2BFBAA3F00F8D184 /* CalculatorAppTests.swift */ = {isa = PBXFileReference; lastKnownFileType = sourcecode.swift; path = CalculatorAppTests.swift; sourceTree = "<group>"; };
		66893D022BFBAA3F00F8D184 /* CalculatorAppUITests.xctest */ = {isa = PBXFileReference; explicitFileType = wrapper.cfbundle; includeInIndex = 0; path = CalculatorAppUITests.xctest; sourceTree = BUILT_PRODUCTS_DIR; };
		66893D062BFBAA3F00F8D184 /* CalculatorAppUITests.swift */ = {isa = PBXFileReference; lastKnownFileType = sourcecode.swift; path = CalculatorAppUITests.swift; sourceTree = "<group>"; };
		66893D082BFBAA3F00F8D184 /* CalculatorAppUITestsLaunchTests.swift */ = {isa = PBXFileReference; lastKnownFileType = sourcecode.swift; path = CalculatorAppUITestsLaunchTests.swift; sourceTree = "<group>"; };
		66893D192BFCE93100F8D184 /* CalculatorPage.swift */ = {isa = PBXFileReference; lastKnownFileType = sourcecode.swift; path = CalculatorPage.swift; sourceTree = "<group>"; };
		66893D1D2BFCF46800F8D184 /* CounterPage.swift */ = {isa = PBXFileReference; lastKnownFileType = sourcecode.swift; path = CounterPage.swift; sourceTree = "<group>"; };
/* End PBXFileReference section */

/* Begin PBXFrameworksBuildPhase section */
		66893CE52BFBAA3E00F8D184 /* Frameworks */ = {
			isa = PBXFrameworksBuildPhase;
			buildActionMask = 2147483647;
			files = (
			);
			runOnlyForDeploymentPostprocessing = 0;
		};
		66893CF52BFBAA3F00F8D184 /* Frameworks */ = {
			isa = PBXFrameworksBuildPhase;
			buildActionMask = 2147483647;
			files = (
			);
			runOnlyForDeploymentPostprocessing = 0;
		};
		66893CFF2BFBAA3F00F8D184 /* Frameworks */ = {
			isa = PBXFrameworksBuildPhase;
			buildActionMask = 2147483647;
			files = (
			);
			runOnlyForDeploymentPostprocessing = 0;
		};
/* End PBXFrameworksBuildPhase section */

/* Begin PBXGroup section */
		66893CDF2BFBAA3E00F8D184 = {
			isa = PBXGroup;
			children = (
				66893CEA2BFBAA3E00F8D184 /* CalculatorApp */,
				66893CFB2BFBAA3F00F8D184 /* CalculatorAppTests */,
				66893D052BFBAA3F00F8D184 /* CalculatorAppUITests */,
				66893CE92BFBAA3E00F8D184 /* Products */,
			);
			sourceTree = "<group>";
		};
		66893CE92BFBAA3E00F8D184 /* Products */ = {
			isa = PBXGroup;
			children = (
				66893CE82BFBAA3E00F8D184 /* CalculatorApp.app */,
				66893CF82BFBAA3F00F8D184 /* CalculatorAppTests.xctest */,
				66893D022BFBAA3F00F8D184 /* CalculatorAppUITests.xctest */,
			);
			name = Products;
			sourceTree = "<group>";
		};
		66893CEA2BFBAA3E00F8D184 /* CalculatorApp */ = {
			isa = PBXGroup;
			children = (
				66893CEB2BFBAA3E00F8D184 /* CalculatorAppApp.swift */,
				66893CED2BFBAA3E00F8D184 /* ContentView.swift */,
				66893D1D2BFCF46800F8D184 /* CounterPage.swift */,
				66893D192BFCE93100F8D184 /* CalculatorPage.swift */,
				66893CEF2BFBAA3F00F8D184 /* Assets.xcassets */,
				66893CF12BFBAA3F00F8D184 /* Preview Content */,
			);
			path = CalculatorApp;
			sourceTree = "<group>";
		};
		66893CF12BFBAA3F00F8D184 /* Preview Content */ = {
			isa = PBXGroup;
			children = (
				66893CF22BFBAA3F00F8D184 /* Preview Assets.xcassets */,
			);
			path = "Preview Content";
			sourceTree = "<group>";
		};
		66893CFB2BFBAA3F00F8D184 /* CalculatorAppTests */ = {
			isa = PBXGroup;
			children = (
				66893CFC2BFBAA3F00F8D184 /* CalculatorAppTests.swift */,
			);
			path = CalculatorAppTests;
			sourceTree = "<group>";
		};
		66893D052BFBAA3F00F8D184 /* CalculatorAppUITests */ = {
			isa = PBXGroup;
			children = (
				66893D062BFBAA3F00F8D184 /* CalculatorAppUITests.swift */,
				66893D082BFBAA3F00F8D184 /* CalculatorAppUITestsLaunchTests.swift */,
			);
			path = CalculatorAppUITests;
			sourceTree = "<group>";
		};
/* End PBXGroup section */

/* Begin PBXNativeTarget section */
		66893CE72BFBAA3E00F8D184 /* CalculatorApp */ = {
			isa = PBXNativeTarget;
			buildConfigurationList = 66893D0C2BFBAA3F00F8D184 /* Build configuration list for PBXNativeTarget "CalculatorApp" */;
			buildPhases = (
				66893CE42BFBAA3E00F8D184 /* Sources */,
				66893CE52BFBAA3E00F8D184 /* Frameworks */,
				66893CE62BFBAA3E00F8D184 /* Resources */,
			);
			buildRules = (
			);
			dependencies = (
			);
			name = CalculatorApp;
			productName = CalculatorApp;
			productReference = 66893CE82BFBAA3E00F8D184 /* CalculatorApp.app */;
			productType = "com.apple.product-type.application";
		};
		66893CF72BFBAA3F00F8D184 /* CalculatorAppTests */ = {
			isa = PBXNativeTarget;
			buildConfigurationList = 66893D0F2BFBAA3F00F8D184 /* Build configuration list for PBXNativeTarget "CalculatorAppTests" */;
			buildPhases = (
				66893CF42BFBAA3F00F8D184 /* Sources */,
				66893CF52BFBAA3F00F8D184 /* Frameworks */,
				66893CF62BFBAA3F00F8D184 /* Resources */,
			);
			buildRules = (
			);
			dependencies = (
				66893CFA2BFBAA3F00F8D184 /* PBXTargetDependency */,
			);
			name = CalculatorAppTests;
			productName = CalculatorAppTests;
			productReference = 66893CF82BFBAA3F00F8D184 /* CalculatorAppTests.xctest */;
			productType = "com.apple.product-type.bundle.unit-test";
		};
		66893D012BFBAA3F00F8D184 /* CalculatorAppUITests */ = {
			isa = PBXNativeTarget;
			buildConfigurationList = 66893D122BFBAA3F00F8D184 /* Build configuration list for PBXNativeTarget "CalculatorAppUITests" */;
			buildPhases = (
				66893CFE2BFBAA3F00F8D184 /* Sources */,
				66893CFF2BFBAA3F00F8D184 /* Frameworks */,
				66893D002BFBAA3F00F8D184 /* Resources */,
			);
			buildRules = (
			);
			dependencies = (
				66893D042BFBAA3F00F8D184 /* PBXTargetDependency */,
			);
			name = CalculatorAppUITests;
			productName = CalculatorAppUITests;
			productReference = 66893D022BFBAA3F00F8D184 /* CalculatorAppUITests.xctest */;
			productType = "com.apple.product-type.bundle.ui-testing";
		};
/* End PBXNativeTarget section */

/* Begin PBXProject section */
		66893CE02BFBAA3E00F8D184 /* Project object */ = {
			isa = PBXProject;
			attributes = {
				BuildIndependentTargetsInParallel = 1;
				LastSwiftUpdateCheck = 1530;
				LastUpgradeCheck = 1530;
				TargetAttributes = {
					66893CE72BFBAA3E00F8D184 = {
						CreatedOnToolsVersion = 15.3;
					};
					66893CF72BFBAA3F00F8D184 = {
						CreatedOnToolsVersion = 15.3;
						TestTargetID = 66893CE72BFBAA3E00F8D184;
					};
					66893D012BFBAA3F00F8D184 = {
						CreatedOnToolsVersion = 15.3;
						TestTargetID = 66893CE72BFBAA3E00F8D184;
					};
				};
			};
			buildConfigurationList = 66893CE32BFBAA3E00F8D184 /* Build configuration list for PBXProject "CalculatorApp" */;
			compatibilityVersion = "Xcode 14.0";
			developmentRegion = en;
			hasScannedForEncodings = 0;
			knownRegions = (
				en,
				Base,
			);
			mainGroup = 66893CDF2BFBAA3E00F8D184;
			productRefGroup = 66893CE92BFBAA3E00F8D184 /* Products */;
			projectDirPath = "";
			projectRoot = "";
			targets = (
				66893CE72BFBAA3E00F8D184 /* CalculatorApp */,
				66893CF72BFBAA3F00F8D184 /* CalculatorAppTests */,
				66893D012BFBAA3F00F8D184 /* CalculatorAppUITests */,
			);
		};
/* End PBXProject section */

/* Begin PBXResourcesBuildPhase section */
		66893CE62BFBAA3E00F8D184 /* Resources */ = {
			isa = PBXResourcesBuildPhase;
			buildActionMask = 2147483647;
			files = (
				66893CF32BFBAA3F00F8D184 /* Preview Assets.xcassets in Resources */,
				66893CF02BFBAA3F00F8D184 /* Assets.xcassets in Resources */,
			);
			runOnlyForDeploymentPostprocessing = 0;
		};
		66893CF62BFBAA3F00F8D184 /* Resources */ = {
			isa = PBXResourcesBuildPhase;
			buildActionMask = 2147483647;
			files = (
			);
			runOnlyForDeploymentPostprocessing = 0;
		};
		66893D002BFBAA3F00F8D184 /* Resources */ = {
			isa = PBXResourcesBuildPhase;
			buildActionMask = 2147483647;
			files = (
			);
			runOnlyForDeploymentPostprocessing = 0;
		};
/* End PBXResourcesBuildPhase section */

/* Begin PBXSourcesBuildPhase section */
		66893CE42BFBAA3E00F8D184 /* Sources */ = {
			isa = PBXSourcesBuildPhase;
			buildActionMask = 2147483647;
			files = (
				66893CEE2BFBAA3E00F8D184 /* ContentView.swift in Sources */,
				66893D1E2BFCF46800F8D184 /* CounterPage.swift in Sources */,
				66893CEC2BFBAA3E00F8D184 /* CalculatorAppApp.swift in Sources */,
				66893D1A2BFCE93100F8D184 /* CalculatorPage.swift in Sources */,
			);
			runOnlyForDeploymentPostprocessing = 0;
		};
		66893CF42BFBAA3F00F8D184 /* Sources */ = {
			isa = PBXSourcesBuildPhase;
			buildActionMask = 2147483647;
			files = (
				66893CFD2BFBAA3F00F8D184 /* CalculatorAppTests.swift in Sources */,
			);
			runOnlyForDeploymentPostprocessing = 0;
		};
		66893CFE2BFBAA3F00F8D184 /* Sources */ = {
			isa = PBXSourcesBuildPhase;
			buildActionMask = 2147483647;
			files = (
				66893D092BFBAA3F00F8D184 /* CalculatorAppUITestsLaunchTests.swift in Sources */,
				66893D072BFBAA3F00F8D184 /* CalculatorAppUITests.swift in Sources */,
			);
			runOnlyForDeploymentPostprocessing = 0;
		};
/* End PBXSourcesBuildPhase section */

/* Begin PBXTargetDependency section */
		66893CFA2BFBAA3F00F8D184 /* PBXTargetDependency */ = {
			isa = PBXTargetDependency;
			target = 66893CE72BFBAA3E00F8D184 /* CalculatorApp */;
			targetProxy = 66893CF92BFBAA3F00F8D184 /* PBXContainerItemProxy */;
		};
		66893D042BFBAA3F00F8D184 /* PBXTargetDependency */ = {
			isa = PBXTargetDependency;
			target = 66893CE72BFBAA3E00F8D184 /* CalculatorApp */;
			targetProxy = 66893D032BFBAA3F00F8D184 /* PBXContainerItemProxy */;
		};
/* End PBXTargetDependency section */

/* Begin XCBuildConfiguration section */
		66893D0A2BFBAA3F00F8D184 /* Debug */ = {
			isa = XCBuildConfiguration;
			buildSettings = {
				ALWAYS_SEARCH_USER_PATHS = NO;
				ASSETCATALOG_COMPILER_GENERATE_SWIFT_ASSET_SYMBOL_EXTENSIONS = YES;
				CLANG_ANALYZER_NONNULL = YES;
				CLANG_ANALYZER_NUMBER_OBJECT_CONVERSION = YES_AGGRESSIVE;
				CLANG_CXX_LANGUAGE_STANDARD = "gnu++20";
				CLANG_ENABLE_MODULES = YES;
				CLANG_ENABLE_OBJC_ARC = YES;
				CLANG_ENABLE_OBJC_WEAK = YES;
				CLANG_WARN_BLOCK_CAPTURE_AUTORELEASING = YES;
				CLANG_WARN_BOOL_CONVERSION = YES;
				CLANG_WARN_COMMA = YES;
				CLANG_WARN_CONSTANT_CONVERSION = YES;
				CLANG_WARN_DEPRECATED_OBJC_IMPLEMENTATIONS = YES;
				CLANG_WARN_DIRECT_OBJC_ISA_USAGE = YES_ERROR;
				CLANG_WARN_DOCUMENTATION_COMMENTS = YES;
				CLANG_WARN_EMPTY_BODY = YES;
				CLANG_WARN_ENUM_CONVERSION = YES;
				CLANG_WARN_INFINITE_RECURSION = YES;
				CLANG_WARN_INT_CONVERSION = YES;
				CLANG_WARN_NON_LITERAL_NULL_CONVERSION = YES;
				CLANG_WARN_OBJC_IMPLICIT_RETAIN_SELF = YES;
				CLANG_WARN_OBJC_LITERAL_CONVERSION = YES;
				CLANG_WARN_OBJC_ROOT_CLASS = YES_ERROR;
				CLANG_WARN_QUOTED_INCLUDE_IN_FRAMEWORK_HEADER = YES;
				CLANG_WARN_RANGE_LOOP_ANALYSIS = YES;
				CLANG_WARN_STRICT_PROTOTYPES = YES;
				CLANG_WARN_SUSPICIOUS_MOVE = YES;
				CLANG_WARN_UNGUARDED_AVAILABILITY = YES_AGGRESSIVE;
				CLANG_WARN_UNREACHABLE_CODE = YES;
				CLANG_WARN__DUPLICATE_METHOD_MATCH = YES;
				COPY_PHASE_STRIP = NO;
				DEBUG_INFORMATION_FORMAT = dwarf;
				ENABLE_STRICT_OBJC_MSGSEND = YES;
				ENABLE_TESTABILITY = YES;
				ENABLE_USER_SCRIPT_SANDBOXING = YES;
				GCC_C_LANGUAGE_STANDARD = gnu17;
				GCC_DYNAMIC_NO_PIC = NO;
				GCC_NO_COMMON_BLOCKS = YES;
				GCC_OPTIMIZATION_LEVEL = 0;
				GCC_PREPROCESSOR_DEFINITIONS = (
					"DEBUG=1",
					"$(inherited)",
				);
				GCC_WARN_64_TO_32_BIT_CONVERSION = YES;
				GCC_WARN_ABOUT_RETURN_TYPE = YES_ERROR;
				GCC_WARN_UNDECLARED_SELECTOR = YES;
				GCC_WARN_UNINITIALIZED_AUTOS = YES_AGGRESSIVE;
				GCC_WARN_UNUSED_FUNCTION = YES;
				GCC_WARN_UNUSED_VARIABLE = YES;
				IPHONEOS_DEPLOYMENT_TARGET = 17.4;
				LOCALIZATION_PREFERS_STRING_CATALOGS = YES;
				MTL_ENABLE_DEBUG_INFO = INCLUDE_SOURCE;
				MTL_FAST_MATH = YES;
				ONLY_ACTIVE_ARCH = YES;
				SDKROOT = iphoneos;
				SWIFT_ACTIVE_COMPILATION_CONDITIONS = "DEBUG $(inherited)";
				SWIFT_OPTIMIZATION_LEVEL = "-Onone";
			};
			name = Debug;
		};
		66893D0B2BFBAA3F00F8D184 /* Release */ = {
			isa = XCBuildConfiguration;
			buildSettings = {
				ALWAYS_SEARCH_USER_PATHS = NO;
				ASSETCATALOG_COMPILER_GENERATE_SWIFT_ASSET_SYMBOL_EXTENSIONS = YES;
				CLANG_ANALYZER_NONNULL = YES;
				CLANG_ANALYZER_NUMBER_OBJECT_CONVERSION = YES_AGGRESSIVE;
				CLANG_CXX_LANGUAGE_STANDARD = "gnu++20";
				CLANG_ENABLE_MODULES = YES;
				CLANG_ENABLE_OBJC_ARC = YES;
				CLANG_ENABLE_OBJC_WEAK = YES;
				CLANG_WARN_BLOCK_CAPTURE_AUTORELEASING = YES;
				CLANG_WARN_BOOL_CONVERSION = YES;
				CLANG_WARN_COMMA = YES;
				CLANG_WARN_CONSTANT_CONVERSION = YES;
				CLANG_WARN_DEPRECATED_OBJC_IMPLEMENTATIONS = YES;
				CLANG_WARN_DIRECT_OBJC_ISA_USAGE = YES_ERROR;
				CLANG_WARN_DOCUMENTATION_COMMENTS = YES;
				CLANG_WARN_EMPTY_BODY = YES;
				CLANG_WARN_ENUM_CONVERSION = YES;
				CLANG_WARN_INFINITE_RECURSION = YES;
				CLANG_WARN_INT_CONVERSION = YES;
				CLANG_WARN_NON_LITERAL_NULL_CONVERSION = YES;
				CLANG_WARN_OBJC_IMPLICIT_RETAIN_SELF = YES;
				CLANG_WARN_OBJC_LITERAL_CONVERSION = YES;
				CLANG_WARN_OBJC_ROOT_CLASS = YES_ERROR;
				CLANG_WARN_QUOTED_INCLUDE_IN_FRAMEWORK_HEADER = YES;
				CLANG_WARN_RANGE_LOOP_ANALYSIS = YES;
				CLANG_WARN_STRICT_PROTOTYPES = YES;
				CLANG_WARN_SUSPICIOUS_MOVE = YES;
				CLANG_WARN_UNGUARDED_AVAILABILITY = YES_AGGRESSIVE;
				CLANG_WARN_UNREACHABLE_CODE = YES;
				CLANG_WARN__DUPLICATE_METHOD_MATCH = YES;
				COPY_PHASE_STRIP = NO;
				DEBUG_INFORMATION_FORMAT = "dwarf-with-dsym";
				ENABLE_NS_ASSERTIONS = NO;
				ENABLE_STRICT_OBJC_MSGSEND = YES;
				ENABLE_USER_SCRIPT_SANDBOXING = YES;
				GCC_C_LANGUAGE_STANDARD = gnu17;
				GCC_NO_COMMON_BLOCKS = YES;
				GCC_WARN_64_TO_32_BIT_CONVERSION = YES;
				GCC_WARN_ABOUT_RETURN_TYPE = YES_ERROR;
				GCC_WARN_UNDECLARED_SELECTOR = YES;
				GCC_WARN_UNINITIALIZED_AUTOS = YES_AGGRESSIVE;
				GCC_WARN_UNUSED_FUNCTION = YES;
				GCC_WARN_UNUSED_VARIABLE = YES;
				IPHONEOS_DEPLOYMENT_TARGET = 17.4;
				LOCALIZATION_PREFERS_STRING_CATALOGS = YES;
				MTL_ENABLE_DEBUG_INFO = NO;
				MTL_FAST_MATH = YES;
				SDKROOT = iphoneos;
				SWIFT_COMPILATION_MODE = wholemodule;
				VALIDATE_PRODUCT = YES;
			};
			name = Release;
		};
		66893D0D2BFBAA3F00F8D184 /* Debug */ = {
			isa = XCBuildConfiguration;
			buildSettings = {
				ASSETCATALOG_COMPILER_APPICON_NAME = AppIcon;
				ASSETCATALOG_COMPILER_GLOBAL_ACCENT_COLOR_NAME = AccentColor;
				CODE_SIGN_STYLE = Automatic;
				CURRENT_PROJECT_VERSION = 1;
				DEVELOPMENT_ASSET_PATHS = "\"CalculatorApp/Preview Content\"";
				ENABLE_PREVIEWS = YES;
				GENERATE_INFOPLIST_FILE = YES;
				INFOPLIST_KEY_UIApplicationSceneManifest_Generation = YES;
				INFOPLIST_KEY_UIApplicationSupportsIndirectInputEvents = YES;
				INFOPLIST_KEY_UILaunchScreen_Generation = YES;
				INFOPLIST_KEY_UISupportedInterfaceOrientations_iPad = "UIInterfaceOrientationPortrait UIInterfaceOrientationPortraitUpsideDown UIInterfaceOrientationLandscapeLeft UIInterfaceOrientationLandscapeRight";
				INFOPLIST_KEY_UISupportedInterfaceOrientations_iPhone = "UIInterfaceOrientationPortrait UIInterfaceOrientationLandscapeLeft UIInterfaceOrientationLandscapeRight";
				LD_RUNPATH_SEARCH_PATHS = (
					"$(inherited)",
					"@executable_path/Frameworks",
				);
				MARKETING_VERSION = 1.0;
				PRODUCT_BUNDLE_IDENTIFIER = Saad.CalculatorApp;
				PRODUCT_NAME = "$(TARGET_NAME)";
				SWIFT_EMIT_LOC_STRINGS = YES;
				SWIFT_VERSION = 5.0;
				TARGETED_DEVICE_FAMILY = "1,2";
			};
			name = Debug;
		};
		66893D0E2BFBAA3F00F8D184 /* Release */ = {
			isa = XCBuildConfiguration;
			buildSettings = {
				ASSETCATALOG_COMPILER_APPICON_NAME = AppIcon;
				ASSETCATALOG_COMPILER_GLOBAL_ACCENT_COLOR_NAME = AccentColor;
				CODE_SIGN_STYLE = Automatic;
				CURRENT_PROJECT_VERSION = 1;
				DEVELOPMENT_ASSET_PATHS = "\"CalculatorApp/Preview Content\"";
				ENABLE_PREVIEWS = YES;
				GENERATE_INFOPLIST_FILE = YES;
				INFOPLIST_KEY_UIApplicationSceneManifest_Generation = YES;
				INFOPLIST_KEY_UIApplicationSupportsIndirectInputEvents = YES;
				INFOPLIST_KEY_UILaunchScreen_Generation = YES;
				INFOPLIST_KEY_UISupportedInterfaceOrientations_iPad = "UIInterfaceOrientationPortrait UIInterfaceOrientationPortraitUpsideDown UIInterfaceOrientationLandscapeLeft UIInterfaceOrientationLandscapeRight";
				INFOPLIST_KEY_UISupportedInterfaceOrientations_iPhone = "UIInterfaceOrientationPortrait UIInterfaceOrientationLandscapeLeft UIInterfaceOrientationLandscapeRight";
				LD_RUNPATH_SEARCH_PATHS = (
					"$(inherited)",
					"@executable_path/Frameworks",
				);
				MARKETING_VERSION = 1.0;
				PRODUCT_BUNDLE_IDENTIFIER = Saad.CalculatorApp;
				PRODUCT_NAME = "$(TARGET_NAME)";
				SWIFT_EMIT_LOC_STRINGS = YES;
				SWIFT_VERSION = 5.0;
				TARGETED_DEVICE_FAMILY = "1,2";
			};
			name = Release;
		};
		66893D102BFBAA3F00F8D184 /* Debug */ = {
			isa = XCBuildConfiguration;
			buildSettings = {
				ALWAYS_EMBED_SWIFT_STANDARD_LIBRARIES = YES;
				BUNDLE_LOADER = "$(TEST_HOST)";
				CODE_SIGN_STYLE = Automatic;
				CURRENT_PROJECT_VERSION = 1;
				GENERATE_INFOPLIST_FILE = YES;
				IPHONEOS_DEPLOYMENT_TARGET = 17.4;
				MARKETING_VERSION = 1.0;
				PRODUCT_BUNDLE_IDENTIFIER = Saad.CalculatorAppTests;
				PRODUCT_NAME = "$(TARGET_NAME)";
				SWIFT_EMIT_LOC_STRINGS = NO;
				SWIFT_VERSION = 5.0;
				TARGETED_DEVICE_FAMILY = "1,2";
				TEST_HOST = "$(BUILT_PRODUCTS_DIR)/CalculatorApp.app/$(BUNDLE_EXECUTABLE_FOLDER_PATH)/CalculatorApp";
			};
			name = Debug;
		};
		66893D112BFBAA3F00F8D184 /* Release */ = {
			isa = XCBuildConfiguration;
			buildSettings = {
				ALWAYS_EMBED_SWIFT_STANDARD_LIBRARIES = YES;
				BUNDLE_LOADER = "$(TEST_HOST)";
				CODE_SIGN_STYLE = Automatic;
				CURRENT_PROJECT_VERSION = 1;
				GENERATE_INFOPLIST_FILE = YES;
				IPHONEOS_DEPLOYMENT_TARGET = 17.4;
				MARKETING_VERSION = 1.0;
				PRODUCT_BUNDLE_IDENTIFIER = Saad.CalculatorAppTests;
				PRODUCT_NAME = "$(TARGET_NAME)";
				SWIFT_EMIT_LOC_STRINGS = NO;
				SWIFT_VERSION = 5.0;
				TARGETED_DEVICE_FAMILY = "1,2";
				TEST_HOST = "$(BUILT_PRODUCTS_DIR)/CalculatorApp.app/$(BUNDLE_EXECUTABLE_FOLDER_PATH)/CalculatorApp";
			};
			name = Release;
		};
		66893D132BFBAA3F00F8D184 /* Debug */ = {
			isa = XCBuildConfiguration;
			buildSettings = {
				ALWAYS_EMBED_SWIFT_STANDARD_LIBRARIES = YES;
				CODE_SIGN_STYLE = Automatic;
				CURRENT_PROJECT_VERSION = 1;
				GENERATE_INFOPLIST_FILE = YES;
				MARKETING_VERSION = 1.0;
				PRODUCT_BUNDLE_IDENTIFIER = Saad.CalculatorAppUITests;
				PRODUCT_NAME = "$(TARGET_NAME)";
				SWIFT_EMIT_LOC_STRINGS = NO;
				SWIFT_VERSION = 5.0;
				TARGETED_DEVICE_FAMILY = "1,2";
				TEST_TARGET_NAME = CalculatorApp;
			};
			name = Debug;
		};
		66893D142BFBAA3F00F8D184 /* Release */ = {
			isa = XCBuildConfiguration;
			buildSettings = {
				ALWAYS_EMBED_SWIFT_STANDARD_LIBRARIES = YES;
				CODE_SIGN_STYLE = Automatic;
				CURRENT_PROJECT_VERSION = 1;
				GENERATE_INFOPLIST_FILE = YES;
				MARKETING_VERSION = 1.0;
				PRODUCT_BUNDLE_IDENTIFIER = Saad.CalculatorAppUITests;
				PRODUCT_NAME = "$(TARGET_NAME)";
				SWIFT_EMIT_LOC_STRINGS = NO;
				SWIFT_VERSION = 5.0;
				TARGETED_DEVICE_FAMILY = "1,2";
				TEST_TARGET_NAME = CalculatorApp;
			};
			name = Release;
		};
/* End XCBuildConfiguration section */

/* Begin XCConfigurationList section */
		66893CE32BFBAA3E00F8D184 /* Build configuration list for PBXProject "CalculatorApp" */ = {
			isa = XCConfigurationList;
			buildConfigurations = (
				66893D0A2BFBAA3F00F8D184 /* Debug */,
				66893D0B2BFBAA3F00F8D184 /* Release */,
			);
			defaultConfigurationIsVisible = 0;
			defaultConfigurationName = Release;
		};
		66893D0C2BFBAA3F00F8D184 /* Build configuration list for PBXNativeTarget "CalculatorApp" */ = {
			isa = XCConfigurationList;
			buildConfigurations = (
				66893D0D2BFBAA3F00F8D184 /* Debug */,
				66893D0E2BFBAA3F00F8D184 /* Release */,
			);
			defaultConfigurationIsVisible = 0;
			defaultConfigurationName = Release;
		};
		66893D0F2BFBAA3F00F8D184 /* Build configuration list for PBXNativeTarget "CalculatorAppTests" */ = {
			isa = XCConfigurationList;
			buildConfigurations = (
				66893D102BFBAA3F00F8D184 /* Debug */,
				66893D112BFBAA3F00F8D184 /* Release */,
			);
			defaultConfigurationIsVisible = 0;
			defaultConfigurationName = Release;
		};
		66893D122BFBAA3F00F8D184 /* Build configuration list for PBXNativeTarget "CalculatorAppUITests" */ = {
			isa = XCConfigurationList;
			buildConfigurations = (
				66893D132BFBAA3F00F8D184 /* Debug */,
				66893D142BFBAA3F00F8D184 /* Release */,
			);
			defaultConfigurationIsVisible = 0;
			defaultConfigurationName = Release;
		};
/* End XCConfigurationList section */
	};
	rootObject = 66893CE02BFBAA3E00F8D184 /* Project object */;
}
